
Microsoft Visual Studio Solution File, Format Version 12.00
# Visual Studio 14
VisualStudioVersion = 14.0.25420.1
MinimumVisualStudioVersion = 10.0.40219.1
Project("{FAE04EC0-301F-11D3-BF4B-00C04F79EFBC}") = "EntityFramework.LazyLoadLoggingInterceptor", "EntityFramework.LazyLoadLoggingInterceptor\EntityFramework.LazyLoadLoggingInterceptor.csproj", "{39A9B613-9FFB-46D6-8E70-148E1E266B2B}"
EndProject
Project("{FAE04EC0-301F-11D3-BF4B-00C04F79EFBC}") = "EntityFramework.LazyLoadLoggingInterceptor.Tests", "EntityFramework.LazyLoadLoggingInterceptor.Tests\EntityFramework.LazyLoadLoggingInterceptor.Tests.csproj", "{2E3DF5C2-8A38-4A03-86D7-8D463C917E47}"
EndProject
Project("{FAE04EC0-301F-11D3-BF4B-00C04F79EFBC}") = "EntityFramework.LazyLoadLoggingInterceptor.ConfigFile.Tests", "EntityFramework.LazyLoadLoggingInterceptor.ConfigFile.Tests\EntityFramework.LazyLoadLoggingInterceptor.ConfigFile.Tests.csproj", "{78ED6323-B19A-4567-B52A-1F60E59E162F}"
EndProject
Global
	GlobalSection(SolutionConfigurationPlatforms) = preSolution
		Debug|Any CPU = Debug|Any CPU
		Release|Any CPU = Release|Any CPU
	EndGlobalSection
	GlobalSection(ProjectConfigurationPlatforms) = postSolution
		{39A9B613-9FFB-46D6-8E70-148E1E266B2B}.Debug|Any CPU.ActiveCfg = Debug|Any CPU
		{39A9B613-9FFB-46D6-8E70-148E1E266B2B}.Debug|Any CPU.Build.0 = Debug|Any CPU
		{39A9B613-9FFB-46D6-8E70-148E1E266B2B}.Release|Any CPU.ActiveCfg = Release|Any CPU
		{39A9B613-9FFB-46D6-8E70-148E1E266B2B}.Release|Any CPU.Build.0 = Release|Any CPU
		{2E3DF5C2-8A38-4A03-86D7-8D463C917E47}.Debug|Any CPU.ActiveCfg = Debug|Any CPU
		{2E3DF5C2-8A38-4A03-86D7-8D463C917E47}.Debug|Any CPU.Build.0 = Debug|Any CPU
		{2E3DF5C2-8A38-4A03-86D7-8D463C917E47}.Release|Any CPU.ActiveCfg = Release|Any CPU
		{2E3DF5C2-8A38-4A03-86D7-8D463C917E47}.Release|Any CPU.Build.0 = Release|Any CPU
		{78ED6323-B19A-4567-B52A-1F60E59E162F}.Debug|Any CPU.ActiveCfg = Debug|Any CPU
		{78ED6323-B19A-4567-B52A-1F60E59E162F}.Debug|Any CPU.Build.0 = Debug|Any CPU
		{78ED6323-B19A-4567-B52A-1F60E59E162F}.Release|Any CPU.ActiveCfg = Release|Any CPU
		{78ED6323-B19A-4567-B52A-1F60E59E162F}.Release|Any CPU.Build.0 = Release|Any CPU
	EndGlobalSection
	GlobalSection(SolutionProperties) = preSolution
		HideSolutionNode = FALSE
	EndGlobalSection
EndGlobal
